
Microsoft Visual Studio Solution File, Format Version 12.00
# Visual Studio Version 17
VisualStudioVersion = 17.3.32901.215
MinimumVisualStudioVersion = 10.0.40219.1
Project("{FAE04EC0-301F-11D3-BF4B-00C04F79EFBC}") = "Portfolio", "Portfolio\Portfolio.csproj", "{5BD96AC7-6602-4744-A2E8-2ADC03E75A98}"
EndProject
Global
	GlobalSection(SolutionConfigurationPlatforms) = preSolution
		Debug|Any CPU = Debug|Any CPU
		Release|Any CPU = Release|Any CPU
	EndGlobalSection
	GlobalSection(ProjectConfigurationPlatforms) = postSolution
		{5BD96AC7-6602-4744-A2E8-2ADC03E75A98}.Debug|Any CPU.ActiveCfg = Debug|Any CPU
		{5BD96AC7-6602-4744-A2E8-2ADC03E75A98}.Debug|Any CPU.Build.0 = Debug|Any CPU
		{5BD96AC7-6602-4744-A2E8-2ADC03E75A98}.Release|Any CPU.ActiveCfg = Release|Any CPU
		{5BD96AC7-6602-4744-A2E8-2ADC03E75A98}.Release|Any CPU.Build.0 = Release|Any CPU
	EndGlobalSection
	GlobalSection(SolutionProperties) = preSolution
		HideSolutionNode = FALSE
	EndGlobalSection
	GlobalSection(ExtensibilityGlobals) = postSolution
		SolutionGuid = {13EF1159-7AF3-46BE-B8E2-31FA76DE3EEC}
	EndGlobalSection
EndGlobal
